{
  "name": "lib-helper",
  "version": "0.1.0",
  "lockfileVersion": 1,
  "requires": true,
  "dependencies": {
    "offline-js": {
      "version": "0.7.19",
      "resolved": "https://registry.npmjs.org/offline-js/-/offline-js-0.7.19.tgz",
      "integrity": "sha1-YLaLbczzzVUotchXcoDc7r3rq5k="
    }
  }
}
